
Microsoft Visual Studio Solution File, Format Version 12.00
# Visual Studio Version 17
VisualStudioVersion = 17.0.31903.59
MinimumVisualStudioVersion = 10.0.40219.1
Project("{2150E333-8FDC-42A3-9474-1A3956D46DE8}") = "src", "src", "{724062E1-C71E-4564-8580-F02AA01C1B31}"
EndProject
Project("{FAE04EC0-301F-11D3-BF4B-00C04F79EFBC}") = "Carte", "src\Carte\Carte.csproj", "{672B0542-7BD9-4EAF-BA2A-5E6E913D7BA3}"
EndProject
Project("{2150E333-8FDC-42A3-9474-1A3956D46DE8}") = "tests", "tests", "{3369B469-84C2-4FE8-93C0-E2E17EB64804}"
EndProject
Project("{FAE04EC0-301F-11D3-BF4B-00C04F79EFBC}") = "Carte.Tests", "tests\Carte.Tests\Carte.Tests.csproj", "{A8D0FA48-0C80-4F37-8B54-F574875A8DDC}"
EndProject
Global
	GlobalSection(SolutionConfigurationPlatforms) = preSolution
		Debug|Any CPU = Debug|Any CPU
		Release|Any CPU = Release|Any CPU
	EndGlobalSection
	GlobalSection(SolutionProperties) = preSolution
		HideSolutionNode = FALSE
	EndGlobalSection
	GlobalSection(ProjectConfigurationPlatforms) = postSolution
		{672B0542-7BD9-4EAF-BA2A-5E6E913D7BA3}.Debug|Any CPU.ActiveCfg = Debug|Any CPU
		{672B0542-7BD9-4EAF-BA2A-5E6E913D7BA3}.Debug|Any CPU.Build.0 = Debug|Any CPU
		{672B0542-7BD9-4EAF-BA2A-5E6E913D7BA3}.Release|Any CPU.ActiveCfg = Release|Any CPU
		{672B0542-7BD9-4EAF-BA2A-5E6E913D7BA3}.Release|Any CPU.Build.0 = Release|Any CPU
		{A8D0FA48-0C80-4F37-8B54-F574875A8DDC}.Debug|Any CPU.ActiveCfg = Debug|Any CPU
		{A8D0FA48-0C80-4F37-8B54-F574875A8DDC}.Debug|Any CPU.Build.0 = Debug|Any CPU
		{A8D0FA48-0C80-4F37-8B54-F574875A8DDC}.Release|Any CPU.ActiveCfg = Release|Any CPU
		{A8D0FA48-0C80-4F37-8B54-F574875A8DDC}.Release|Any CPU.Build.0 = Release|Any CPU
	EndGlobalSection
	GlobalSection(NestedProjects) = preSolution
		{672B0542-7BD9-4EAF-BA2A-5E6E913D7BA3} = {724062E1-C71E-4564-8580-F02AA01C1B31}
		{A8D0FA48-0C80-4F37-8B54-F574875A8DDC} = {3369B469-84C2-4FE8-93C0-E2E17EB64804}
	EndGlobalSection
EndGlobal
